{
    "format_version": "0.1",
    "terraform_version": "0.14.7",
    "planned_values": {
        "root_module": {
            "resources": [
                {
                    "address": "aws_iam_access_key.user-key",
                    "mode": "managed",
                    "type": "aws_iam_access_key",
                    "name": "user-key",
                    "provider_name": "registry.terraform.io/hashicorp/aws",
                    "schema_version": 0,
                    "values": {
                        "pgp_key": null,
                        "status": "Active",
                        "user": "joe"
                    }
                },
                {
                    "address": "aws_iam_user.joe",
                    "mode": "managed",
                    "type": "aws_iam_user",
                    "name": "joe",
                    "provider_name": "registry.terraform.io/hashicorp/aws",
                    "schema_version": 0,
                    "values": {
                        "force_destroy": false,
                        "name": "joe",
                        "path": "/",
                        "permissions_boundary": null,
                        "tags": {
                            "department": "engineering"
                        },
                        "tags_all": {
                            "department": "engineering"
                        }
                    }
                }
            ]
        }
    },
    "resource_changes": [
        {
            "address": "aws_iam_access_key.user-key",
            "mode": "managed",
            "type": "aws_iam_access_key",
            "name": "user-key",
            "provider_name": "registry.terraform.io/hashicorp/aws",
            "change": {
                "actions": [
                    "create"
                ],
                "before": null,
                "after": {
                    "pgp_key": null,
                    "status": "Active",
                    "user": "joe"
                },
                "after_unknown": {
                    "create_date": true,
                    "encrypted_secret": true,
                    "encrypted_ses_smtp_password_v4": true,
                    "id": true,
                    "key_fingerprint": true,
                    "secret": true,
                    "ses_smtp_password_v4": true
                }
            }
        },
        {
            "address": "aws_iam_user.joe",
            "mode": "managed",
            "type": "aws_iam_user",
            "name": "joe",
            "provider_name": "registry.terraform.io/hashicorp/aws",
            "change": {
                "actions": [
                    "create"
                ],
                "before": null,
                "after": {
                    "force_destroy": false,
                    "name": "joe",
                    "path": "/",
                    "permissions_boundary": null,
                    "tags": {
                        "department": "engineering"
                    },
                    "tags_all": {
                        "department": "engineering"
                    }
                },
                "after_unknown": {
                    "arn": true,
                    "id": true,
                    "tags": {},
                    "tags_all": {},
                    "unique_id": true
                }
            }
        }
    ],
    "configuration": {
        "provider_config": {
            "aws": {
                "name": "aws",
                "version_constraint": "~\u003e 3.0",
                "expressions": {
                    "region": {
                        "constant_value": "us-east-2"
                    }
                }
            }
        },
        "root_module": {
            "resources": [
                {
                    "address": "aws_iam_access_key.user-key",
                    "mode": "managed",
                    "type": "aws_iam_access_key",
                    "name": "user-key",
                    "provider_config_key": "aws",
                    "expressions": {
                        "user": {
                            "references": [
                                "aws_iam_user.joe"
                            ]
                        }
                    },
                    "schema_version": 0
                },
                {
                    "address": "aws_iam_user.joe",
                    "mode": "managed",
                    "type": "aws_iam_user",
                    "name": "joe",
                    "provider_config_key": "aws",
                    "expressions": {
                        "name": {
                            "constant_value": "joe"
                        },
                        "path": {
                            "constant_value": "/"
                        },
                        "tags": {
                            "constant_value": {
                                "department": "engineering"
                            }
                        }
                    },
                    "schema_version": 0
                }
            ]
        }
    }
}